# This file is automatically @generated by Cargo.
# It is not intended for manual editing.
version = 4

[[package]]
name = "unsafe-review"
version = "0.1.0"
dependencies = [
 "unsafe-review-cli",
 "unsafe-review-core",
]

[[package]]
name = "unsafe-review-cli"
version = "0.1.0"
dependencies = [
 "unsafe-review-core",
]

[[package]]
name = "unsafe-review-core"
version = "0.1.0"

[[package]]
name = "xtask"
version = "0.1.0"
